{
  "name": "redshift_batch",
  "version": "1.0.0",
  "lockfileVersion": 1,
  "requires": true,
  "dependencies": {
    "@types/bluebird": {
      "version": "3.5.0",
      "resolved": "https://registry.npmjs.org/@types/bluebird/-/bluebird-3.5.0.tgz",
      "integrity": "sha1-JjNHCk6r6aR82aRf2yDtX5NAe8o="
    },
    "@types/lodash": {
      "version": "4.14.118",
      "resolved": "https://registry.npmjs.org/@types/lodash/-/lodash-4.14.118.tgz",
      "integrity": "sha512-iiJbKLZbhSa6FYRip/9ZDX6HXhayXLDGY2Fqws9cOkEQ6XeKfaxB0sC541mowZJueYyMnVUmmG+al5/4fCDrgw=="
    },
    "bin-protocol": {
      "version": "3.1.1",
      "resolved": "https://registry.npmjs.org/bin-protocol/-/bin-protocol-3.1.1.tgz",
      "integrity": "sha512-9vCGfaHC2GBHZwGQdG+DpyXfmLvx9uKtf570wMLwIc9wmTIDgsdCBXQxTZu5X2GyogkfBks2Ode4N0sUVxJ2qQ==",
      "requires": {
        "lodash": "^4.17.11",
        "long": "^4.0.0",
        "protocol-buffers-schema": "^3.0.0"
      },
      "dependencies": {
        "long": {
          "version": "4.0.0",
          "resolved": "https://registry.npmjs.org/long/-/long-4.0.0.tgz",
          "integrity": "sha512-XsP+KhQif4bjX1kbuSiySJFNAehNxgLb6hPRGJ9QsUr8ajHkuXGdrHmFUTUUXhDwVX2R5bY4JNZEwbUiMhV+MA=="
        }
      }
    },
    "bluebird": {
      "version": "3.5.3",
      "resolved": "https://registry.npmjs.org/bluebird/-/bluebird-3.5.3.tgz",
      "integrity": "sha512-/qKPUQlaW1OyR51WeCPBvRnAlnZFUJkCSG5HzGnuIqhgyJtF+T94lFnn33eiazjRm2LAHVy2guNnaq48X9SJuw=="
    },
    "buffer-crc32": {
      "version": "0.2.13",
      "resolved": "https://registry.npmjs.org/buffer-crc32/-/buffer-crc32-0.2.13.tgz",
      "integrity": "sha1-DTM+PwDqxQqhRUq9MO+MKl2ackI="
    },
    "buffer-writer": {
      "version": "2.0.0",
      "resolved": "https://registry.npmjs.org/buffer-writer/-/buffer-writer-2.0.0.tgz",
      "integrity": "sha512-a7ZpuTZU1TRtnwyCNW3I5dc0wWNC3VR9S++Ewyk2HHZdrO3CQJqSpd+95Us590V6AL7JqUAH2IwZ/398PmNFgw=="
    },
    "connection-parse": {
      "version": "0.0.7",
      "resolved": "https://registry.npmjs.org/connection-parse/-/connection-parse-0.0.7.tgz",
      "integrity": "sha1-GOcxiqsGppkmc3KxDFIm0locmmk="
    },
    "getconfig": {
      "version": "4.5.0",
      "resolved": "https://registry.npmjs.org/getconfig/-/getconfig-4.5.0.tgz",
      "integrity": "sha512-9vNCLPUkiYYB06EgYx/8PhyjV0eNSXWWeGSDXgLgAQLUQZb81SlHayMaP+dR8RzV0ISO3V6VOVGTUUx3ZR1dWQ=="
    },
    "hashring": {
      "version": "3.2.0",
      "resolved": "https://registry.npmjs.org/hashring/-/hashring-3.2.0.tgz",
      "integrity": "sha1-/aTv3oqiLNuX+x0qZeiEAeHBRM4=",
      "requires": {
        "connection-parse": "0.0.x",
        "simple-lru-cache": "0.0.x"
      }
    },
    "lodash": {
      "version": "4.17.11",
      "resolved": "https://registry.npmjs.org/lodash/-/lodash-4.17.11.tgz",
      "integrity": "sha512-cQKh8igo5QUhZ7lg38DYWAxMvjSAKG0A8wGSVimP07SIUEK2UO+arSRKbRZWtelMtN5V0Hkwh5ryOto/SshYIg=="
    },
    "manakin": {
      "version": "0.5.2",
      "resolved": "https://registry.npmjs.org/manakin/-/manakin-0.5.2.tgz",
      "integrity": "sha512-pfDSB7QYoVg0Io4KMV9hhPoXpj6p0uBscgtyUSKCOFZe8bqgbpStfgnKIbF/ulnr6U3ICu4OqdyxAqBgOhZwBQ=="
    },
    "murmur-hash-js": {
      "version": "1.0.0",
      "resolved": "https://registry.npmjs.org/murmur-hash-js/-/murmur-hash-js-1.0.0.tgz",
      "integrity": "sha1-UEEEkmnJZjPIZjhpYLL0KJ515bA="
    },
    "nice-simple-logger": {
      "version": "1.0.1",
      "resolved": "https://registry.npmjs.org/nice-simple-logger/-/nice-simple-logger-1.0.1.tgz",
      "integrity": "sha1-D55khSe+e+PkmrdvqMjAmK+VG/Y=",
      "requires": {
        "lodash": "^4.3.0"
      }
    },
    "no-kafka": {
      "version": "3.3.5",
      "resolved": "https://registry.npmjs.org/no-kafka/-/no-kafka-3.3.5.tgz",
      "integrity": "sha512-HwUhr+ihHAFrXc7hQn6NX+JSc9w/P/Foi/K5Z6EHVEUrPqdm2uIKBRtyZCKYrr2XytOYSAOS3Qy/Vi6pyAZ6Cg==",
      "requires": {
        "@types/bluebird": "3.5.0",
        "@types/lodash": "^4.14.55",
        "bin-protocol": "^3.1.1",
        "bluebird": "^3.3.3",
        "buffer-crc32": "^0.2.5",
        "hashring": "^3.2.0",
        "lodash": "=4.17.11",
        "murmur-hash-js": "^1.0.0",
        "nice-simple-logger": "^1.0.1",
        "wrr-pool": "^1.0.3"
      }
    },
    "packet-reader": {
      "version": "0.3.1",
      "resolved": "https://registry.npmjs.org/packet-reader/-/packet-reader-0.3.1.tgz",
      "integrity": "sha1-zWLmCvjX/qinBexP+ZCHHEaHHyc="
    },
    "pg": {
      "version": "7.6.1",
      "resolved": "https://registry.npmjs.org/pg/-/pg-7.6.1.tgz",
      "integrity": "sha512-rAItIkYrRaNGinZN/Hs8F9R5mQjQSPlnzxPF+eCimSl92qnuNGR42gkpOQKP1bnvTwkSjRTBL+VNC5EcFhtCuQ==",
      "requires": {
        "buffer-writer": "2.0.0",
        "packet-reader": "0.3.1",
        "pg-connection-string": "0.1.3",
        "pg-pool": "~2.0.3",
        "pg-types": "~1.12.1",
        "pgpass": "1.x",
        "semver": "4.3.2"
      },
      "dependencies": {
        "semver": {
          "version": "4.3.2",
          "resolved": "http://registry.npmjs.org/semver/-/semver-4.3.2.tgz",
          "integrity": "sha1-x6BxWKgL7dBSNVt3DYLWZA+AO+c="
        }
      }
    },
    "pg-connection-string": {
      "version": "0.1.3",
      "resolved": "https://registry.npmjs.org/pg-connection-string/-/pg-connection-string-0.1.3.tgz",
      "integrity": "sha1-2hhHsglA5C7hSSvq9l1J2RskXfc="
    },
    "pg-minify": {
      "version": "0.5.5",
      "resolved": "https://registry.npmjs.org/pg-minify/-/pg-minify-0.5.5.tgz",
      "integrity": "sha512-7Pf9h6nV1RFqED1hkRosePqvpPwNUUtW06TT4+lHwzesxa5gffxkShTjYH6JXV5sSSfh5+2yHOTTWEkCyCQ0Eg=="
    },
    "pg-pool": {
      "version": "2.0.4",
      "resolved": "https://registry.npmjs.org/pg-pool/-/pg-pool-2.0.4.tgz",
      "integrity": "sha512-Mi2AsmlFkVMpI28NreaDkz5DkfxLOG16C/HNwi091LDlOiDiQACtAroLxSd1vIS2imBqxdjjO9cQZg2CwsOPbw=="
    },
    "pg-promise": {
      "version": "8.5.2",
      "resolved": "https://registry.npmjs.org/pg-promise/-/pg-promise-8.5.2.tgz",
      "integrity": "sha512-7vMkZcKR9byVb9p4T/Hwsy3BliOAD7ieFcizd1eMeXhWxoU8DgF+MtQIpNLTD44dF6ojR1NYMgTnYDh1qSPgsQ==",
      "requires": {
        "manakin": "0.5.2",
        "pg": "7.6.1",
        "pg-minify": "0.5.5",
        "spex": "2.1.0"
      }
    },
    "pg-types": {
      "version": "1.12.1",
      "resolved": "https://registry.npmjs.org/pg-types/-/pg-types-1.12.1.tgz",
      "integrity": "sha1-1kCH45A7WP+q0nnnWVxSIIoUw9I=",
      "requires": {
        "postgres-array": "~1.0.0",
        "postgres-bytea": "~1.0.0",
        "postgres-date": "~1.0.0",
        "postgres-interval": "^1.1.0"
      }
    },
    "pgpass": {
      "version": "1.0.2",
      "resolved": "https://registry.npmjs.org/pgpass/-/pgpass-1.0.2.tgz",
      "integrity": "sha1-Knu0G2BltnkH6R2hsHwYR8h3swY=",
      "requires": {
        "split": "^1.0.0"
      }
    },
    "postgres-array": {
      "version": "1.0.3",
      "resolved": "https://registry.npmjs.org/postgres-array/-/postgres-array-1.0.3.tgz",
      "integrity": "sha512-5wClXrAP0+78mcsNX3/ithQ5exKvCyK5lr5NEEEeGwwM6NJdQgzIJBVxLvRW+huFpX92F2QnZ5CcokH0VhK2qQ=="
    },
    "postgres-bytea": {
      "version": "1.0.0",
      "resolved": "https://registry.npmjs.org/postgres-bytea/-/postgres-bytea-1.0.0.tgz",
      "integrity": "sha1-AntTPAqokOJtFy1Hz5zOzFIazTU="
    },
    "postgres-date": {
      "version": "1.0.3",
      "resolved": "https://registry.npmjs.org/postgres-date/-/postgres-date-1.0.3.tgz",
      "integrity": "sha1-4tiXAu/bJY/52c7g/pG9BpdSV6g="
    },
    "postgres-interval": {
      "version": "1.1.2",
      "resolved": "https://registry.npmjs.org/postgres-interval/-/postgres-interval-1.1.2.tgz",
      "integrity": "sha512-fC3xNHeTskCxL1dC8KOtxXt7YeFmlbTYtn7ul8MkVERuTmf7pI4DrkAxcw3kh1fQ9uz4wQmd03a1mRiXUZChfQ==",
      "requires": {
        "xtend": "^4.0.0"
      }
    },
    "protocol-buffers-schema": {
      "version": "3.3.2",
      "resolved": "https://registry.npmjs.org/protocol-buffers-schema/-/protocol-buffers-schema-3.3.2.tgz",
      "integrity": "sha512-Xdayp8sB/mU+sUV4G7ws8xtYMGdQnxbeIfLjyO9TZZRJdztBGhlmbI5x1qcY4TG5hBkIKGnc28i7nXxaugu88w=="
    },
    "simple-lru-cache": {
      "version": "0.0.2",
      "resolved": "https://registry.npmjs.org/simple-lru-cache/-/simple-lru-cache-0.0.2.tgz",
      "integrity": "sha1-1ZzDoZPBpdAyD4Tucy9uRxPlEd0="
    },
    "spex": {
      "version": "2.1.0",
      "resolved": "https://registry.npmjs.org/spex/-/spex-2.1.0.tgz",
      "integrity": "sha512-nZ1LA8v1o0Maf9pdWKUXuUM855EqyE+DP0NT0ddZqXqXmr9xKlXjYWN97w+yWehTbM+Ox0aEvQ8Ufqk/OuLCOQ=="
    },
    "split": {
      "version": "1.0.1",
      "resolved": "https://registry.npmjs.org/split/-/split-1.0.1.tgz",
      "integrity": "sha512-mTyOoPbrivtXnwnIxZRFYRrPNtEFKlpB2fvjSnCQUiAA6qAZzqwna5envK4uk6OIeP17CsdF3rSBGYVBsU0Tkg==",
      "requires": {
        "through": "2"
      }
    },
    "through": {
      "version": "2.3.8",
      "resolved": "http://registry.npmjs.org/through/-/through-2.3.8.tgz",
      "integrity": "sha1-DdTJ/6q8NXlgsbckEV1+Doai4fU="
    },
    "wrr-pool": {
      "version": "1.1.3",
      "resolved": "https://registry.npmjs.org/wrr-pool/-/wrr-pool-1.1.3.tgz",
      "integrity": "sha1-/a0i8uofMDY//l14HPeUl6d/8H4=",
      "requires": {
        "lodash": "^4.0.1"
      }
    },
    "xtend": {
      "version": "4.0.1",
      "resolved": "https://registry.npmjs.org/xtend/-/xtend-4.0.1.tgz",
      "integrity": "sha1-pcbVMr5lbiPbgg77lDofBJmNY68="
    }
  }
}
